
Microsoft Visual Studio Solution File, Format Version 12.00
# Visual Studio Version 16
VisualStudioVersion = 16.0.30907.101
MinimumVisualStudioVersion = 10.0.40219.1
Project("{FAE04EC0-301F-11D3-BF4B-00C04F79EFBC}") = "NUnitTestProject1", "NUnitTestProject1\NUnitTestProject1.csproj", "{33C98699-A480-47D3-BA70-DC9F5457AB5C}"
EndProject
Global
	GlobalSection(SolutionConfigurationPlatforms) = preSolution
		Debug|Any CPU = Debug|Any CPU
		Release|Any CPU = Release|Any CPU
	EndGlobalSection
	GlobalSection(ProjectConfigurationPlatforms) = postSolution
		{33C98699-A480-47D3-BA70-DC9F5457AB5C}.Debug|Any CPU.ActiveCfg = Debug|Any CPU
		{33C98699-A480-47D3-BA70-DC9F5457AB5C}.Debug|Any CPU.Build.0 = Debug|Any CPU
		{33C98699-A480-47D3-BA70-DC9F5457AB5C}.Release|Any CPU.ActiveCfg = Release|Any CPU
		{33C98699-A480-47D3-BA70-DC9F5457AB5C}.Release|Any CPU.Build.0 = Release|Any CPU
	EndGlobalSection
	GlobalSection(SolutionProperties) = preSolution
		HideSolutionNode = FALSE
	EndGlobalSection
	GlobalSection(ExtensibilityGlobals) = postSolution
		SolutionGuid = {0141336A-5D52-4760-9694-AA7CF71EE8A5}
	EndGlobalSection
EndGlobal
